
Microsoft Visual Studio Solution File, Format Version 12.00
# Visual Studio Version 16
VisualStudioVersion = 16.0.31205.134
MinimumVisualStudioVersion = 10.0.40219.1
Project("{2150E333-8FDC-42A3-9474-1A3956D46DE8}") = "Source", "Source", "{5BCB166D-0AD7-4BAB-BA61-B105554D8199}"
EndProject
Project("{2150E333-8FDC-42A3-9474-1A3956D46DE8}") = "WebApi", "WebApi", "{2F23A0F7-7B9D-4E1C-BF02-1533A969DEE7}"
EndProject
Project("{FAE04EC0-301F-11D3-BF4B-00C04F79EFBC}") = "hdn.net.architecture.WebApi", "hdn.net.architecture\hdn.net.architecture.WebApi\hdn.net.architecture.WebApi.csproj", "{A79047C9-ABA5-476A-967B-AF9FBFE663A1}"
EndProject
Project("{2150E333-8FDC-42A3-9474-1A3956D46DE8}") = "Core", "Core", "{D853B8C0-919F-4EE9-987C-30C0E4C46AE5}"
EndProject
Project("{FAE04EC0-301F-11D3-BF4B-00C04F79EFBC}") = "hdn.net.architecture.Application", "hdn.net.architecture\hdn.net.architecture.Application\hdn.net.architecture.Application.csproj", "{743B3BA2-3218-4F8A-AB49-24E5DCC0D7F4}"
EndProject
Project("{FAE04EC0-301F-11D3-BF4B-00C04F79EFBC}") = "hdn.net.architecture.Domain", "hdn.net.architecture\hdn.net.architecture.Domain\hdn.net.architecture.Domain.csproj", "{62EDECA3-3332-42F4-A711-1E6D4971E7DA}"
EndProject
Project("{2150E333-8FDC-42A3-9474-1A3956D46DE8}") = "Infrastructure", "Infrastructure", "{7A6512A7-60C6-4EA9-9C1E-A0DB0021074F}"
EndProject
Project("{FAE04EC0-301F-11D3-BF4B-00C04F79EFBC}") = "hdn.net.architecture.Infrastructure.Identity", "hdn.net.architecture\hdn.net.architecture.Infrastructure.Identity\hdn.net.architecture.Infrastructure.Identity.csproj", "{498ACD39-A415-45A8-9E7E-5399355BD2A6}"
EndProject
Project("{FAE04EC0-301F-11D3-BF4B-00C04F79EFBC}") = "hdn.net.architecture.Infrastructure.Persistence", "hdn.net.architecture\hdn.net.architecture.Infrastructure.Persistence\hdn.net.architecture.Infrastructure.Persistence.csproj", "{A4718990-E21E-477D-B743-CAE540BF076B}"
EndProject
Project("{FAE04EC0-301F-11D3-BF4B-00C04F79EFBC}") = "hdn.net.architecture.Infrastructure.Shared", "hdn.net.architecture\hdn.net.architecture.Infrastructure.Shared\hdn.net.architecture.Infrastructure.Shared.csproj", "{A1746E62-3A78-48F4-BEDA-786DDC53310C}"
EndProject
Global
	GlobalSection(SolutionConfigurationPlatforms) = preSolution
		Debug|Any CPU = Debug|Any CPU
		Release|Any CPU = Release|Any CPU
	EndGlobalSection
	GlobalSection(ProjectConfigurationPlatforms) = postSolution
		{A79047C9-ABA5-476A-967B-AF9FBFE663A1}.Debug|Any CPU.ActiveCfg = Debug|Any CPU
		{A79047C9-ABA5-476A-967B-AF9FBFE663A1}.Debug|Any CPU.Build.0 = Debug|Any CPU
		{A79047C9-ABA5-476A-967B-AF9FBFE663A1}.Release|Any CPU.ActiveCfg = Release|Any CPU
		{A79047C9-ABA5-476A-967B-AF9FBFE663A1}.Release|Any CPU.Build.0 = Release|Any CPU
		{743B3BA2-3218-4F8A-AB49-24E5DCC0D7F4}.Debug|Any CPU.ActiveCfg = Debug|Any CPU
		{743B3BA2-3218-4F8A-AB49-24E5DCC0D7F4}.Debug|Any CPU.Build.0 = Debug|Any CPU
		{743B3BA2-3218-4F8A-AB49-24E5DCC0D7F4}.Release|Any CPU.ActiveCfg = Release|Any CPU
		{743B3BA2-3218-4F8A-AB49-24E5DCC0D7F4}.Release|Any CPU.Build.0 = Release|Any CPU
		{62EDECA3-3332-42F4-A711-1E6D4971E7DA}.Debug|Any CPU.ActiveCfg = Debug|Any CPU
		{62EDECA3-3332-42F4-A711-1E6D4971E7DA}.Debug|Any CPU.Build.0 = Debug|Any CPU
		{62EDECA3-3332-42F4-A711-1E6D4971E7DA}.Release|Any CPU.ActiveCfg = Release|Any CPU
		{62EDECA3-3332-42F4-A711-1E6D4971E7DA}.Release|Any CPU.Build.0 = Release|Any CPU
		{498ACD39-A415-45A8-9E7E-5399355BD2A6}.Debug|Any CPU.ActiveCfg = Debug|Any CPU
		{498ACD39-A415-45A8-9E7E-5399355BD2A6}.Debug|Any CPU.Build.0 = Debug|Any CPU
		{498ACD39-A415-45A8-9E7E-5399355BD2A6}.Release|Any CPU.ActiveCfg = Release|Any CPU
		{498ACD39-A415-45A8-9E7E-5399355BD2A6}.Release|Any CPU.Build.0 = Release|Any CPU
		{A4718990-E21E-477D-B743-CAE540BF076B}.Debug|Any CPU.ActiveCfg = Debug|Any CPU
		{A4718990-E21E-477D-B743-CAE540BF076B}.Debug|Any CPU.Build.0 = Debug|Any CPU
		{A4718990-E21E-477D-B743-CAE540BF076B}.Release|Any CPU.ActiveCfg = Release|Any CPU
		{A4718990-E21E-477D-B743-CAE540BF076B}.Release|Any CPU.Build.0 = Release|Any CPU
		{A1746E62-3A78-48F4-BEDA-786DDC53310C}.Debug|Any CPU.ActiveCfg = Debug|Any CPU
		{A1746E62-3A78-48F4-BEDA-786DDC53310C}.Debug|Any CPU.Build.0 = Debug|Any CPU
		{A1746E62-3A78-48F4-BEDA-786DDC53310C}.Release|Any CPU.ActiveCfg = Release|Any CPU
		{A1746E62-3A78-48F4-BEDA-786DDC53310C}.Release|Any CPU.Build.0 = Release|Any CPU
	EndGlobalSection
	GlobalSection(SolutionProperties) = preSolution
		HideSolutionNode = FALSE
	EndGlobalSection
	GlobalSection(NestedProjects) = preSolution
		{2F23A0F7-7B9D-4E1C-BF02-1533A969DEE7} = {5BCB166D-0AD7-4BAB-BA61-B105554D8199}
		{A79047C9-ABA5-476A-967B-AF9FBFE663A1} = {2F23A0F7-7B9D-4E1C-BF02-1533A969DEE7}
		{D853B8C0-919F-4EE9-987C-30C0E4C46AE5} = {5BCB166D-0AD7-4BAB-BA61-B105554D8199}
		{743B3BA2-3218-4F8A-AB49-24E5DCC0D7F4} = {D853B8C0-919F-4EE9-987C-30C0E4C46AE5}
		{62EDECA3-3332-42F4-A711-1E6D4971E7DA} = {D853B8C0-919F-4EE9-987C-30C0E4C46AE5}
		{7A6512A7-60C6-4EA9-9C1E-A0DB0021074F} = {5BCB166D-0AD7-4BAB-BA61-B105554D8199}
		{498ACD39-A415-45A8-9E7E-5399355BD2A6} = {7A6512A7-60C6-4EA9-9C1E-A0DB0021074F}
		{A4718990-E21E-477D-B743-CAE540BF076B} = {7A6512A7-60C6-4EA9-9C1E-A0DB0021074F}
		{A1746E62-3A78-48F4-BEDA-786DDC53310C} = {7A6512A7-60C6-4EA9-9C1E-A0DB0021074F}
	EndGlobalSection
	GlobalSection(ExtensibilityGlobals) = postSolution
		SolutionGuid = {CECC8B2F-B3F9-4030-B5E6-B9CCD252AFC4}
	EndGlobalSection
EndGlobal
